
Microsoft Visual Studio Solution File, Format Version 12.00
# Visual Studio 15
VisualStudioVersion = 15.0.28307.1340
MinimumVisualStudioVersion = 10.0.40219.1
Project("{FAE04EC0-301F-11D3-BF4B-00C04F79EFBC}") = "cursoLuckia190221", "cursoLuckia190221\cursoLuckia190221.csproj", "{A66003B6-458D-486A-AC50-9B1E798A5DA3}"
EndProject
Global
	GlobalSection(SolutionConfigurationPlatforms) = preSolution
		Debug|Any CPU = Debug|Any CPU
		Release|Any CPU = Release|Any CPU
	EndGlobalSection
	GlobalSection(ProjectConfigurationPlatforms) = postSolution
		{A66003B6-458D-486A-AC50-9B1E798A5DA3}.Debug|Any CPU.ActiveCfg = Debug|Any CPU
		{A66003B6-458D-486A-AC50-9B1E798A5DA3}.Debug|Any CPU.Build.0 = Debug|Any CPU
		{A66003B6-458D-486A-AC50-9B1E798A5DA3}.Release|Any CPU.ActiveCfg = Release|Any CPU
		{A66003B6-458D-486A-AC50-9B1E798A5DA3}.Release|Any CPU.Build.0 = Release|Any CPU
	EndGlobalSection
	GlobalSection(SolutionProperties) = preSolution
		HideSolutionNode = FALSE
	EndGlobalSection
	GlobalSection(ExtensibilityGlobals) = postSolution
		SolutionGuid = {F9879D07-AA58-44FA-9158-866E28233C80}
	EndGlobalSection
EndGlobal
